// !$*UTF8*$!
{
	archiveVersion = 1;
	classes = {
	};
	objectVersion = 55;
	objects = {

/* Begin PBXBuildFile section */
		4E0A660B27FBF67B00A8F0E6 /* ActionCompletionRowView.swift in Sources */ = {isa = PBXBuildFile; fileRef = 4E0A660A27FBF67B00A8F0E6 /* ActionCompletionRowView.swift */; };
		4E0A660D27FBFCBB00A8F0E6 /* ActionEditView.swift in Sources */ = {isa = PBXBuildFile; fileRef = 4E0A660C27FBFCBB00A8F0E6 /* ActionEditView.swift */; };
		4E2FEF9F27F5533200A02DF2 /* TimerCountView.swift in Sources */ = {isa = PBXBuildFile; fileRef = 4E2FEF9E27F5533200A02DF2 /* TimerCountView.swift */; };
		4E95324227FE829A009DFBD4 /* Alamofire in Frameworks */ = {isa = PBXBuildFile; productRef = 4E95324127FE829A009DFBD4 /* Alamofire */; };
		4EA7BD0B27F2B88500B9C348 /* ActionListView.swift in Sources */ = {isa = PBXBuildFile; fileRef = 4EA7BD0A27F2B88500B9C348 /* ActionListView.swift */; };
		4EA7BD0E27F2B96A00B9C348 /* DataProvider.swift in Sources */ = {isa = PBXBuildFile; fileRef = 4EA7BD0D27F2B96A00B9C348 /* DataProvider.swift */; };
		4EA7BD1027F2B97A00B9C348 /* BreakAction.swift in Sources */ = {isa = PBXBuildFile; fileRef = 4EA7BD0F27F2B97A00B9C348 /* BreakAction.swift */; };
		4EBB467527FD6CD700B42E17 /* ThickDivider.swift in Sources */ = {isa = PBXBuildFile; fileRef = 4EBB467427FD6CD700B42E17 /* ThickDivider.swift */; };
		4EBD8DD227FA115900234307 /* MainView.swift in Sources */ = {isa = PBXBuildFile; fileRef = 4EBD8DD127FA115900234307 /* MainView.swift */; };
		4EC68BA127F6D2BF00AFD70B /* OptionsView.swift in Sources */ = {isa = PBXBuildFile; fileRef = 4EC68BA027F6D2BF00AFD70B /* OptionsView.swift */; };
		4EC68BA527F6EA3E00AFD70B /* ActionViewModel.swift in Sources */ = {isa = PBXBuildFile; fileRef = 4EC68BA427F6EA3E00AFD70B /* ActionViewModel.swift */; };
		4EDAFE5527E9A53C00FFB703 /* TimeForABreakSwiftUIApp.swift in Sources */ = {isa = PBXBuildFile; fileRef = 4EDAFE5427E9A53C00FFB703 /* TimeForABreakSwiftUIApp.swift */; };
		4EDAFE5727E9A53C00FFB703 /* ContentView.swift in Sources */ = {isa = PBXBuildFile; fileRef = 4EDAFE5627E9A53C00FFB703 /* ContentView.swift */; };
		4EDAFE5927E9A53D00FFB703 /* Assets.xcassets in Resources */ = {isa = PBXBuildFile; fileRef = 4EDAFE5827E9A53D00FFB703 /* Assets.xcassets */; };
		4EDAFE5C27E9A53D00FFB703 /* Preview Assets.xcassets in Resources */ = {isa = PBXBuildFile; fileRef = 4EDAFE5B27E9A53D00FFB703 /* Preview Assets.xcassets */; };
		4EE2468F27EFE0C20099CE24 /* StandardButton.swift in Sources */ = {isa = PBXBuildFile; fileRef = 4EE2468E27EFE0C20099CE24 /* StandardButton.swift */; };
		4EE2469627F0454C0099CE24 /* TimerModel.swift in Sources */ = {isa = PBXBuildFile; fileRef = 4EE2469527F0454C0099CE24 /* TimerModel.swift */; };
/* End PBXBuildFile section */

/* Begin PBXFileReference section */
		4E0A660A27FBF67B00A8F0E6 /* ActionCompletionRowView.swift */ = {isa = PBXFileReference; lastKnownFileType = sourcecode.swift; path = ActionCompletionRowView.swift; sourceTree = "<group>"; };
		4E0A660C27FBFCBB00A8F0E6 /* ActionEditView.swift */ = {isa = PBXFileReference; lastKnownFileType = sourcecode.swift; path = ActionEditView.swift; sourceTree = "<group>"; };
		4E2FEF9E27F5533200A02DF2 /* TimerCountView.swift */ = {isa = PBXFileReference; lastKnownFileType = sourcecode.swift; path = TimerCountView.swift; sourceTree = "<group>"; };
		4EA7BD0A27F2B88500B9C348 /* ActionListView.swift */ = {isa = PBXFileReference; lastKnownFileType = sourcecode.swift; path = ActionListView.swift; sourceTree = "<group>"; };
		4EA7BD0D27F2B96A00B9C348 /* DataProvider.swift */ = {isa = PBXFileReference; fileEncoding = 4; lastKnownFileType = sourcecode.swift; path = DataProvider.swift; sourceTree = "<group>"; };
		4EA7BD0F27F2B97A00B9C348 /* BreakAction.swift */ = {isa = PBXFileReference; fileEncoding = 4; lastKnownFileType = sourcecode.swift; path = BreakAction.swift; sourceTree = "<group>"; };
		4EBB467427FD6CD700B42E17 /* ThickDivider.swift */ = {isa = PBXFileReference; lastKnownFileType = sourcecode.swift; path = ThickDivider.swift; sourceTree = "<group>"; };
		4EBD8DD127FA115900234307 /* MainView.swift */ = {isa = PBXFileReference; lastKnownFileType = sourcecode.swift; path = MainView.swift; sourceTree = "<group>"; };
		4EC68BA027F6D2BF00AFD70B /* OptionsView.swift */ = {isa = PBXFileReference; lastKnownFileType = sourcecode.swift; path = OptionsView.swift; sourceTree = "<group>"; };
		4EC68BA427F6EA3E00AFD70B /* ActionViewModel.swift */ = {isa = PBXFileReference; lastKnownFileType = sourcecode.swift; path = ActionViewModel.swift; sourceTree = "<group>"; };
		4EDAFE5127E9A53C00FFB703 /* TimeForABreakSwiftUI.app */ = {isa = PBXFileReference; explicitFileType = wrapper.application; includeInIndex = 0; path = TimeForABreakSwiftUI.app; sourceTree = BUILT_PRODUCTS_DIR; };
		4EDAFE5427E9A53C00FFB703 /* TimeForABreakSwiftUIApp.swift */ = {isa = PBXFileReference; lastKnownFileType = sourcecode.swift; path = TimeForABreakSwiftUIApp.swift; sourceTree = "<group>"; };
		4EDAFE5627E9A53C00FFB703 /* ContentView.swift */ = {isa = PBXFileReference; lastKnownFileType = sourcecode.swift; path = ContentView.swift; sourceTree = "<group>"; };
		4EDAFE5827E9A53D00FFB703 /* Assets.xcassets */ = {isa = PBXFileReference; lastKnownFileType = folder.assetcatalog; path = Assets.xcassets; sourceTree = "<group>"; };
		4EDAFE5B27E9A53D00FFB703 /* Preview Assets.xcassets */ = {isa = PBXFileReference; lastKnownFileType = folder.assetcatalog; path = "Preview Assets.xcassets"; sourceTree = "<group>"; };
		4EE2468E27EFE0C20099CE24 /* StandardButton.swift */ = {isa = PBXFileReference; lastKnownFileType = sourcecode.swift; path = StandardButton.swift; sourceTree = "<group>"; };
		4EE2469527F0454C0099CE24 /* TimerModel.swift */ = {isa = PBXFileReference; lastKnownFileType = sourcecode.swift; path = TimerModel.swift; sourceTree = "<group>"; };
/* End PBXFileReference section */

/* Begin PBXFrameworksBuildPhase section */
		4EDAFE4E27E9A53C00FFB703 /* Frameworks */ = {
			isa = PBXFrameworksBuildPhase;
			buildActionMask = 2147483647;
			files = (
				4E95324227FE829A009DFBD4 /* Alamofire in Frameworks */,
			);
			runOnlyForDeploymentPostprocessing = 0;
		};
/* End PBXFrameworksBuildPhase section */

/* Begin PBXGroup section */
		4EA7BD0C27F2B93A00B9C348 /* Data */ = {
			isa = PBXGroup;
			children = (
				4EA7BD0F27F2B97A00B9C348 /* BreakAction.swift */,
				4EE2469527F0454C0099CE24 /* TimerModel.swift */,
				4EA7BD0D27F2B96A00B9C348 /* DataProvider.swift */,
				4EC68BA427F6EA3E00AFD70B /* ActionViewModel.swift */,
			);
			path = Data;
			sourceTree = "<group>";
		};
		4EDAFE4827E9A53C00FFB703 = {
			isa = PBXGroup;
			children = (
				4EDAFE5327E9A53C00FFB703 /* TimeForABreakSwiftUI */,
				4EDAFE5227E9A53C00FFB703 /* Products */,
			);
			sourceTree = "<group>";
		};
		4EDAFE5227E9A53C00FFB703 /* Products */ = {
			isa = PBXGroup;
			children = (
				4EDAFE5127E9A53C00FFB703 /* TimeForABreakSwiftUI.app */,
			);
			name = Products;
			sourceTree = "<group>";
		};
		4EDAFE5327E9A53C00FFB703 /* TimeForABreakSwiftUI */ = {
			isa = PBXGroup;
			children = (
				4EA7BD0C27F2B93A00B9C348 /* Data */,
				4EE2468D27EFE0970099CE24 /* UIHelpers */,
				4EDAFE5427E9A53C00FFB703 /* TimeForABreakSwiftUIApp.swift */,
				4EDAFE5627E9A53C00FFB703 /* ContentView.swift */,
				4EA7BD0A27F2B88500B9C348 /* ActionListView.swift */,
				4E2FEF9E27F5533200A02DF2 /* TimerCountView.swift */,
				4EC68BA027F6D2BF00AFD70B /* OptionsView.swift */,
				4EDAFE5A27E9A53D00FFB703 /* Preview Content */,
				4EBD8DD127FA115900234307 /* MainView.swift */,
				4E0A660A27FBF67B00A8F0E6 /* ActionCompletionRowView.swift */,
				4E0A660C27FBFCBB00A8F0E6 /* ActionEditView.swift */,
			);
			path = TimeForABreakSwiftUI;
			sourceTree = "<group>";
		};
		4EDAFE5A27E9A53D00FFB703 /* Preview Content */ = {
			isa = PBXGroup;
			children = (
				4EDAFE5827E9A53D00FFB703 /* Assets.xcassets */,
				4EDAFE5B27E9A53D00FFB703 /* Preview Assets.xcassets */,
			);
			path = "Preview Content";
			sourceTree = "<group>";
		};
		4EE2468D27EFE0970099CE24 /* UIHelpers */ = {
			isa = PBXGroup;
			children = (
				4EE2468E27EFE0C20099CE24 /* StandardButton.swift */,
				4EBB467427FD6CD700B42E17 /* ThickDivider.swift */,
			);
			path = UIHelpers;
			sourceTree = "<group>";
		};
/* End PBXGroup section */

/* Begin PBXNativeTarget section */
		4EDAFE5027E9A53C00FFB703 /* TimeForABreakSwiftUI */ = {
			isa = PBXNativeTarget;
			buildConfigurationList = 4EDAFE5F27E9A53D00FFB703 /* Build configuration list for PBXNativeTarget "TimeForABreakSwiftUI" */;
			buildPhases = (
				4EDAFE4D27E9A53C00FFB703 /* Sources */,
				4EDAFE4E27E9A53C00FFB703 /* Frameworks */,
				4EDAFE4F27E9A53C00FFB703 /* Resources */,
			);
			buildRules = (
			);
			dependencies = (
			);
			name = TimeForABreakSwiftUI;
			packageProductDependencies = (
				4E95324127FE829A009DFBD4 /* Alamofire */,
			);
			productName = TimeForABreakSwiftUI;
			productReference = 4EDAFE5127E9A53C00FFB703 /* TimeForABreakSwiftUI.app */;
			productType = "com.apple.product-type.application";
		};
/* End PBXNativeTarget section */

/* Begin PBXProject section */
		4EDAFE4927E9A53C00FFB703 /* Project object */ = {
			isa = PBXProject;
			attributes = {
				BuildIndependentTargetsInParallel = 1;
				LastSwiftUpdateCheck = 1330;
				LastUpgradeCheck = 1330;
				TargetAttributes = {
					4EDAFE5027E9A53C00FFB703 = {
						CreatedOnToolsVersion = 13.3;
					};
				};
			};
			buildConfigurationList = 4EDAFE4C27E9A53C00FFB703 /* Build configuration list for PBXProject "TimeForABreakSwiftUI" */;
			compatibilityVersion = "Xcode 13.0";
			developmentRegion = en;
			hasScannedForEncodings = 0;
			knownRegions = (
				en,
				Base,
			);
			mainGroup = 4EDAFE4827E9A53C00FFB703;
			packageReferences = (
				4E95324027FE829A009DFBD4 /* XCRemoteSwiftPackageReference "Alamofire" */,
			);
			productRefGroup = 4EDAFE5227E9A53C00FFB703 /* Products */;
			projectDirPath = "";
			projectRoot = "";
			targets = (
				4EDAFE5027E9A53C00FFB703 /* TimeForABreakSwiftUI */,
			);
		};
/* End PBXProject section */

/* Begin PBXResourcesBuildPhase section */
		4EDAFE4F27E9A53C00FFB703 /* Resources */ = {
			isa = PBXResourcesBuildPhase;
			buildActionMask = 2147483647;
			files = (
				4EDAFE5C27E9A53D00FFB703 /* Preview Assets.xcassets in Resources */,
				4EDAFE5927E9A53D00FFB703 /* Assets.xcassets in Resources */,
			);
			runOnlyForDeploymentPostprocessing = 0;
		};
/* End PBXResourcesBuildPhase section */

/* Begin PBXSourcesBuildPhase section */
		4EDAFE4D27E9A53C00FFB703 /* Sources */ = {
			isa = PBXSourcesBuildPhase;
			buildActionMask = 2147483647;
			files = (
				4EA7BD0E27F2B96A00B9C348 /* DataProvider.swift in Sources */,
				4EBB467527FD6CD700B42E17 /* ThickDivider.swift in Sources */,
				4EA7BD0B27F2B88500B9C348 /* ActionListView.swift in Sources */,
				4EDAFE5727E9A53C00FFB703 /* ContentView.swift in Sources */,
				4EC68BA127F6D2BF00AFD70B /* OptionsView.swift in Sources */,
				4EC68BA527F6EA3E00AFD70B /* ActionViewModel.swift in Sources */,
				4E0A660B27FBF67B00A8F0E6 /* ActionCompletionRowView.swift in Sources */,
				4EE2469627F0454C0099CE24 /* TimerModel.swift in Sources */,
				4E2FEF9F27F5533200A02DF2 /* TimerCountView.swift in Sources */,
				4EBD8DD227FA115900234307 /* MainView.swift in Sources */,
				4EDAFE5527E9A53C00FFB703 /* TimeForABreakSwiftUIApp.swift in Sources */,
				4EA7BD1027F2B97A00B9C348 /* BreakAction.swift in Sources */,
				4E0A660D27FBFCBB00A8F0E6 /* ActionEditView.swift in Sources */,
				4EE2468F27EFE0C20099CE24 /* StandardButton.swift in Sources */,
			);
			runOnlyForDeploymentPostprocessing = 0;
		};
/* End PBXSourcesBuildPhase section */

/* Begin XCBuildConfiguration section */
		4EDAFE5D27E9A53D00FFB703 /* Debug */ = {
			isa = XCBuildConfiguration;
			buildSettings = {
				ALWAYS_SEARCH_USER_PATHS = NO;
				CLANG_ANALYZER_NONNULL = YES;
				CLANG_ANALYZER_NUMBER_OBJECT_CONVERSION = YES_AGGRESSIVE;
				CLANG_CXX_LANGUAGE_STANDARD = "gnu++17";
				CLANG_ENABLE_MODULES = YES;
				CLANG_ENABLE_OBJC_ARC = YES;
				CLANG_ENABLE_OBJC_WEAK = YES;
				CLANG_WARN_BLOCK_CAPTURE_AUTORELEASING = YES;
				CLANG_WARN_BOOL_CONVERSION = YES;
				CLANG_WARN_COMMA = YES;
				CLANG_WARN_CONSTANT_CONVERSION = YES;
				CLANG_WARN_DEPRECATED_OBJC_IMPLEMENTATIONS = YES;
				CLANG_WARN_DIRECT_OBJC_ISA_USAGE = YES_ERROR;
				CLANG_WARN_DOCUMENTATION_COMMENTS = YES;
				CLANG_WARN_EMPTY_BODY = YES;
				CLANG_WARN_ENUM_CONVERSION = YES;
				CLANG_WARN_INFINITE_RECURSION = YES;
				CLANG_WARN_INT_CONVERSION = YES;
				CLANG_WARN_NON_LITERAL_NULL_CONVERSION = YES;
				CLANG_WARN_OBJC_IMPLICIT_RETAIN_SELF = YES;
				CLANG_WARN_OBJC_LITERAL_CONVERSION = YES;
				CLANG_WARN_OBJC_ROOT_CLASS = YES_ERROR;
				CLANG_WARN_QUOTED_INCLUDE_IN_FRAMEWORK_HEADER = YES;
				CLANG_WARN_RANGE_LOOP_ANALYSIS = YES;
				CLANG_WARN_STRICT_PROTOTYPES = YES;
				CLANG_WARN_SUSPICIOUS_MOVE = YES;
				CLANG_WARN_UNGUARDED_AVAILABILITY = YES_AGGRESSIVE;
				CLANG_WARN_UNREACHABLE_CODE = YES;
				CLANG_WARN__DUPLICATE_METHOD_MATCH = YES;
				COPY_PHASE_STRIP = NO;
				DEBUG_INFORMATION_FORMAT = dwarf;
				ENABLE_STRICT_OBJC_MSGSEND = YES;
				ENABLE_TESTABILITY = YES;
				GCC_C_LANGUAGE_STANDARD = gnu11;
				GCC_DYNAMIC_NO_PIC = NO;
				GCC_NO_COMMON_BLOCKS = YES;
				GCC_OPTIMIZATION_LEVEL = 0;
				GCC_PREPROCESSOR_DEFINITIONS = (
					"DEBUG=1",
					"$(inherited)",
				);
				GCC_WARN_64_TO_32_BIT_CONVERSION = YES;
				GCC_WARN_ABOUT_RETURN_TYPE = YES_ERROR;
				GCC_WARN_UNDECLARED_SELECTOR = YES;
				GCC_WARN_UNINITIALIZED_AUTOS = YES_AGGRESSIVE;
				GCC_WARN_UNUSED_FUNCTION = YES;
				GCC_WARN_UNUSED_VARIABLE = YES;
				IPHONEOS_DEPLOYMENT_TARGET = 15.4;
				MTL_ENABLE_DEBUG_INFO = INCLUDE_SOURCE;
				MTL_FAST_MATH = YES;
				ONLY_ACTIVE_ARCH = YES;
				SDKROOT = iphoneos;
				SWIFT_ACTIVE_COMPILATION_CONDITIONS = DEBUG;
				SWIFT_OPTIMIZATION_LEVEL = "-Onone";
			};
			name = Debug;
		};
		4EDAFE5E27E9A53D00FFB703 /* Release */ = {
			isa = XCBuildConfiguration;
			buildSettings = {
				ALWAYS_SEARCH_USER_PATHS = NO;
				CLANG_ANALYZER_NONNULL = YES;
				CLANG_ANALYZER_NUMBER_OBJECT_CONVERSION = YES_AGGRESSIVE;
				CLANG_CXX_LANGUAGE_STANDARD = "gnu++17";
				CLANG_ENABLE_MODULES = YES;
				CLANG_ENABLE_OBJC_ARC = YES;
				CLANG_ENABLE_OBJC_WEAK = YES;
				CLANG_WARN_BLOCK_CAPTURE_AUTORELEASING = YES;
				CLANG_WARN_BOOL_CONVERSION = YES;
				CLANG_WARN_COMMA = YES;
				CLANG_WARN_CONSTANT_CONVERSION = YES;
				CLANG_WARN_DEPRECATED_OBJC_IMPLEMENTATIONS = YES;
				CLANG_WARN_DIRECT_OBJC_ISA_USAGE = YES_ERROR;
				CLANG_WARN_DOCUMENTATION_COMMENTS = YES;
				CLANG_WARN_EMPTY_BODY = YES;
				CLANG_WARN_ENUM_CONVERSION = YES;
				CLANG_WARN_INFINITE_RECURSION = YES;
				CLANG_WARN_INT_CONVERSION = YES;
				CLANG_WARN_NON_LITERAL_NULL_CONVERSION = YES;
				CLANG_WARN_OBJC_IMPLICIT_RETAIN_SELF = YES;
				CLANG_WARN_OBJC_LITERAL_CONVERSION = YES;
				CLANG_WARN_OBJC_ROOT_CLASS = YES_ERROR;
				CLANG_WARN_QUOTED_INCLUDE_IN_FRAMEWORK_HEADER = YES;
				CLANG_WARN_RANGE_LOOP_ANALYSIS = YES;
				CLANG_WARN_STRICT_PROTOTYPES = YES;
				CLANG_WARN_SUSPICIOUS_MOVE = YES;
				CLANG_WARN_UNGUARDED_AVAILABILITY = YES_AGGRESSIVE;
				CLANG_WARN_UNREACHABLE_CODE = YES;
				CLANG_WARN__DUPLICATE_METHOD_MATCH = YES;
				COPY_PHASE_STRIP = NO;
				DEBUG_INFORMATION_FORMAT = "dwarf-with-dsym";
				ENABLE_NS_ASSERTIONS = NO;
				ENABLE_STRICT_OBJC_MSGSEND = YES;
				GCC_C_LANGUAGE_STANDARD = gnu11;
				GCC_NO_COMMON_BLOCKS = YES;
				GCC_WARN_64_TO_32_BIT_CONVERSION = YES;
				GCC_WARN_ABOUT_RETURN_TYPE = YES_ERROR;
				GCC_WARN_UNDECLARED_SELECTOR = YES;
				GCC_WARN_UNINITIALIZED_AUTOS = YES_AGGRESSIVE;
				GCC_WARN_UNUSED_FUNCTION = YES;
				GCC_WARN_UNUSED_VARIABLE = YES;
				IPHONEOS_DEPLOYMENT_TARGET = 15.4;
				MTL_ENABLE_DEBUG_INFO = NO;
				MTL_FAST_MATH = YES;
				SDKROOT = iphoneos;
				SWIFT_COMPILATION_MODE = wholemodule;
				SWIFT_OPTIMIZATION_LEVEL = "-O";
				VALIDATE_PRODUCT = YES;
			};
			name = Release;
		};
		4EDAFE6027E9A53D00FFB703 /* Debug */ = {
			isa = XCBuildConfiguration;
			buildSettings = {
				ASSETCATALOG_COMPILER_APPICON_NAME = AppIcon;
				ASSETCATALOG_COMPILER_GLOBAL_ACCENT_COLOR_NAME = AccentColor;
				CODE_SIGN_STYLE = Automatic;
				CURRENT_PROJECT_VERSION = 1;
				DEVELOPMENT_ASSET_PATHS = "\"TimeForABreakSwiftUI/Preview Content\"";
				DEVELOPMENT_TEAM = S6462Z9W3N;
				ENABLE_PREVIEWS = YES;
				GENERATE_INFOPLIST_FILE = YES;
				INFOPLIST_KEY_UIApplicationSceneManifest_Generation = YES;
				INFOPLIST_KEY_UIApplicationSupportsIndirectInputEvents = YES;
				INFOPLIST_KEY_UILaunchScreen_Generation = YES;
				INFOPLIST_KEY_UISupportedInterfaceOrientations_iPad = "UIInterfaceOrientationPortrait UIInterfaceOrientationPortraitUpsideDown UIInterfaceOrientationLandscapeLeft UIInterfaceOrientationLandscapeRight";
				INFOPLIST_KEY_UISupportedInterfaceOrientations_iPhone = "UIInterfaceOrientationPortrait UIInterfaceOrientationLandscapeLeft UIInterfaceOrientationLandscapeRight";
				LD_RUNPATH_SEARCH_PATHS = (
					"$(inherited)",
					"@executable_path/Frameworks",
				);
				MARKETING_VERSION = 1.0;
				PRODUCT_BUNDLE_IDENTIFIER = ca.duehrsen.TimeForABreakSwiftUI;
				PRODUCT_NAME = "$(TARGET_NAME)";
				SWIFT_EMIT_LOC_STRINGS = YES;
				SWIFT_VERSION = 5.0;
				TARGETED_DEVICE_FAMILY = "1,2";
			};
			name = Debug;
		};
		4EDAFE6127E9A53D00FFB703 /* Release */ = {
			isa = XCBuildConfiguration;
			buildSettings = {
				ASSETCATALOG_COMPILER_APPICON_NAME = AppIcon;
				ASSETCATALOG_COMPILER_GLOBAL_ACCENT_COLOR_NAME = AccentColor;
				CODE_SIGN_STYLE = Automatic;
				CURRENT_PROJECT_VERSION = 1;
				DEVELOPMENT_ASSET_PATHS = "\"TimeForABreakSwiftUI/Preview Content\"";
				DEVELOPMENT_TEAM = S6462Z9W3N;
				ENABLE_PREVIEWS = YES;
				GENERATE_INFOPLIST_FILE = YES;
				INFOPLIST_KEY_UIApplicationSceneManifest_Generation = YES;
				INFOPLIST_KEY_UIApplicationSupportsIndirectInputEvents = YES;
				INFOPLIST_KEY_UILaunchScreen_Generation = YES;
				INFOPLIST_KEY_UISupportedInterfaceOrientations_iPad = "UIInterfaceOrientationPortrait UIInterfaceOrientationPortraitUpsideDown UIInterfaceOrientationLandscapeLeft UIInterfaceOrientationLandscapeRight";
				INFOPLIST_KEY_UISupportedInterfaceOrientations_iPhone = "UIInterfaceOrientationPortrait UIInterfaceOrientationLandscapeLeft UIInterfaceOrientationLandscapeRight";
				LD_RUNPATH_SEARCH_PATHS = (
					"$(inherited)",
					"@executable_path/Frameworks",
				);
				MARKETING_VERSION = 1.0;
				PRODUCT_BUNDLE_IDENTIFIER = ca.duehrsen.TimeForABreakSwiftUI;
				PRODUCT_NAME = "$(TARGET_NAME)";
				SWIFT_EMIT_LOC_STRINGS = YES;
				SWIFT_VERSION = 5.0;
				TARGETED_DEVICE_FAMILY = "1,2";
			};
			name = Release;
		};
/* End XCBuildConfiguration section */

/* Begin XCConfigurationList section */
		4EDAFE4C27E9A53C00FFB703 /* Build configuration list for PBXProject "TimeForABreakSwiftUI" */ = {
			isa = XCConfigurationList;
			buildConfigurations = (
				4EDAFE5D27E9A53D00FFB703 /* Debug */,
				4EDAFE5E27E9A53D00FFB703 /* Release */,
			);
			defaultConfigurationIsVisible = 0;
			defaultConfigurationName = Release;
		};
		4EDAFE5F27E9A53D00FFB703 /* Build configuration list for PBXNativeTarget "TimeForABreakSwiftUI" */ = {
			isa = XCConfigurationList;
			buildConfigurations = (
				4EDAFE6027E9A53D00FFB703 /* Debug */,
				4EDAFE6127E9A53D00FFB703 /* Release */,
			);
			defaultConfigurationIsVisible = 0;
			defaultConfigurationName = Release;
		};
/* End XCConfigurationList section */

/* Begin XCRemoteSwiftPackageReference section */
		4E95324027FE829A009DFBD4 /* XCRemoteSwiftPackageReference "Alamofire" */ = {
			isa = XCRemoteSwiftPackageReference;
			repositoryURL = "https://github.com/Alamofire/Alamofire.git";
			requirement = {
				kind = upToNextMajorVersion;
				minimumVersion = 5.0.0;
			};
		};
/* End XCRemoteSwiftPackageReference section */

/* Begin XCSwiftPackageProductDependency section */
		4E95324127FE829A009DFBD4 /* Alamofire */ = {
			isa = XCSwiftPackageProductDependency;
			package = 4E95324027FE829A009DFBD4 /* XCRemoteSwiftPackageReference "Alamofire" */;
			productName = Alamofire;
		};
/* End XCSwiftPackageProductDependency section */
	};
	rootObject = 4EDAFE4927E9A53C00FFB703 /* Project object */;
}
